
Microsoft Visual Studio Solution File, Format Version 12.00
# Visual Studio Version 17
VisualStudioVersion = 17.0.31903.59
MinimumVisualStudioVersion = 10.0.40219.1
Project("{2150E333-8FDC-42A3-9474-1A3956D46DE8}") = "src", "src", "{827E0CD3-B72D-47B6-A68D-7590B98EB39B}"
EndProject
Project("{FAE04EC0-301F-11D3-BF4B-00C04F79EFBC}") = "SchoolERP.Api", "src\SchoolERP.Api\SchoolERP.Api.csproj", "{A88FB68A-BF46-4EAE-A847-9160634D80A4}"
EndProject
Project("{FAE04EC0-301F-11D3-BF4B-00C04F79EFBC}") = "SchoolERP.Application", "src\SchoolERP.Application\SchoolERP.Application.csproj", "{F88F0524-4FF7-46AF-BE2B-52652049F4ED}"
EndProject
Project("{FAE04EC0-301F-11D3-BF4B-00C04F79EFBC}") = "SchoolERP.Domain", "src\SchoolERP.Domain\SchoolERP.Domain.csproj", "{EF00BB68-30C6-48F0-BBA9-3BF21E2B2C9D}"
EndProject
Project("{FAE04EC0-301F-11D3-BF4B-00C04F79EFBC}") = "SchoolERP.Infrastructure", "src\SchoolERP.Infrastructure\SchoolERP.Infrastructure.csproj", "{23E4CBB1-613E-4D2D-BB70-6182FD5FE239}"
EndProject
Project("{2150E333-8FDC-42A3-9474-1A3956D46DE8}") = "tests", "tests", "{0AB3BF05-4346-4AA6-1389-037BE0695223}"
EndProject
Project("{FAE04EC0-301F-11D3-BF4B-00C04F79EFBC}") = "SchoolERP.Domain.Tests", "tests\SchoolERP.Domain.Tests\SchoolERP.Domain.Tests.csproj", "{32C71D2D-89DB-4A45-B5D2-E9DF03B3D69B}"
EndProject
Project("{FAE04EC0-301F-11D3-BF4B-00C04F79EFBC}") = "SchoolERP.Application.Tests", "tests\SchoolERP.Application.Tests\SchoolERP.Application.Tests.csproj", "{5185AA0C-122C-48B3-B89F-283CD32DE570}"
EndProject
Project("{FAE04EC0-301F-11D3-BF4B-00C04F79EFBC}") = "SchoolERP.IntegrationTests", "tests\SchoolERP.IntegrationTests\SchoolERP.IntegrationTests.csproj", "{0C7B5A6B-7F4A-45EF-8372-8DFCC2B747E9}"
EndProject
Project("{FAE04EC0-301F-11D3-BF4B-00C04F79EFBC}") = "SchoolERP.ArchitectureTests", "tests\SchoolERP.ArchitectureTests\SchoolERP.ArchitectureTests.csproj", "{74852DE5-5B4E-4671-B397-95A9A5965E14}"
EndProject
Global
	GlobalSection(SolutionConfigurationPlatforms) = preSolution
		Debug|Any CPU = Debug|Any CPU
		Debug|x64 = Debug|x64
		Debug|x86 = Debug|x86
		Release|Any CPU = Release|Any CPU
		Release|x64 = Release|x64
		Release|x86 = Release|x86
	EndGlobalSection
	GlobalSection(ProjectConfigurationPlatforms) = postSolution
		{A88FB68A-BF46-4EAE-A847-9160634D80A4}.Debug|Any CPU.ActiveCfg = Debug|Any CPU
		{A88FB68A-BF46-4EAE-A847-9160634D80A4}.Debug|Any CPU.Build.0 = Debug|Any CPU
		{A88FB68A-BF46-4EAE-A847-9160634D80A4}.Debug|x64.ActiveCfg = Debug|Any CPU
		{A88FB68A-BF46-4EAE-A847-9160634D80A4}.Debug|x64.Build.0 = Debug|Any CPU
		{A88FB68A-BF46-4EAE-A847-9160634D80A4}.Debug|x86.ActiveCfg = Debug|Any CPU
		{A88FB68A-BF46-4EAE-A847-9160634D80A4}.Debug|x86.Build.0 = Debug|Any CPU
		{A88FB68A-BF46-4EAE-A847-9160634D80A4}.Release|Any CPU.ActiveCfg = Release|Any CPU
		{A88FB68A-BF46-4EAE-A847-9160634D80A4}.Release|Any CPU.Build.0 = Release|Any CPU
		{A88FB68A-BF46-4EAE-A847-9160634D80A4}.Release|x64.ActiveCfg = Release|Any CPU
		{A88FB68A-BF46-4EAE-A847-9160634D80A4}.Release|x64.Build.0 = Release|Any CPU
		{A88FB68A-BF46-4EAE-A847-9160634D80A4}.Release|x86.ActiveCfg = Release|Any CPU
		{A88FB68A-BF46-4EAE-A847-9160634D80A4}.Release|x86.Build.0 = Release|Any CPU
		{F88F0524-4FF7-46AF-BE2B-52652049F4ED}.Debug|Any CPU.ActiveCfg = Debug|Any CPU
		{F88F0524-4FF7-46AF-BE2B-52652049F4ED}.Debug|Any CPU.Build.0 = Debug|Any CPU
		{F88F0524-4FF7-46AF-BE2B-52652049F4ED}.Debug|x64.ActiveCfg = Debug|Any CPU
		{F88F0524-4FF7-46AF-BE2B-52652049F4ED}.Debug|x64.Build.0 = Debug|Any CPU
		{F88F0524-4FF7-46AF-BE2B-52652049F4ED}.Debug|x86.ActiveCfg = Debug|Any CPU
		{F88F0524-4FF7-46AF-BE2B-52652049F4ED}.Debug|x86.Build.0 = Debug|Any CPU
		{F88F0524-4FF7-46AF-BE2B-52652049F4ED}.Release|Any CPU.ActiveCfg = Release|Any CPU
		{F88F0524-4FF7-46AF-BE2B-52652049F4ED}.Release|Any CPU.Build.0 = Release|Any CPU
		{F88F0524-4FF7-46AF-BE2B-52652049F4ED}.Release|x64.ActiveCfg = Release|Any CPU
		{F88F0524-4FF7-46AF-BE2B-52652049F4ED}.Release|x64.Build.0 = Release|Any CPU
		{F88F0524-4FF7-46AF-BE2B-52652049F4ED}.Release|x86.ActiveCfg = Release|Any CPU
		{F88F0524-4FF7-46AF-BE2B-52652049F4ED}.Release|x86.Build.0 = Release|Any CPU
		{EF00BB68-30C6-48F0-BBA9-3BF21E2B2C9D}.Debug|Any CPU.ActiveCfg = Debug|Any CPU
		{EF00BB68-30C6-48F0-BBA9-3BF21E2B2C9D}.Debug|Any CPU.Build.0 = Debug|Any CPU
		{EF00BB68-30C6-48F0-BBA9-3BF21E2B2C9D}.Debug|x64.ActiveCfg = Debug|Any CPU
		{EF00BB68-30C6-48F0-BBA9-3BF21E2B2C9D}.Debug|x64.Build.0 = Debug|Any CPU
		{EF00BB68-30C6-48F0-BBA9-3BF21E2B2C9D}.Debug|x86.ActiveCfg = Debug|Any CPU
		{EF00BB68-30C6-48F0-BBA9-3BF21E2B2C9D}.Debug|x86.Build.0 = Debug|Any CPU
		{EF00BB68-30C6-48F0-BBA9-3BF21E2B2C9D}.Release|Any CPU.ActiveCfg = Release|Any CPU
		{EF00BB68-30C6-48F0-BBA9-3BF21E2B2C9D}.Release|Any CPU.Build.0 = Release|Any CPU
		{EF00BB68-30C6-48F0-BBA9-3BF21E2B2C9D}.Release|x64.ActiveCfg = Release|Any CPU
		{EF00BB68-30C6-48F0-BBA9-3BF21E2B2C9D}.Release|x64.Build.0 = Release|Any CPU
		{EF00BB68-30C6-48F0-BBA9-3BF21E2B2C9D}.Release|x86.ActiveCfg = Release|Any CPU
		{EF00BB68-30C6-48F0-BBA9-3BF21E2B2C9D}.Release|x86.Build.0 = Release|Any CPU
		{23E4CBB1-613E-4D2D-BB70-6182FD5FE239}.Debug|Any CPU.ActiveCfg = Debug|Any CPU
		{23E4CBB1-613E-4D2D-BB70-6182FD5FE239}.Debug|Any CPU.Build.0 = Debug|Any CPU
		{23E4CBB1-613E-4D2D-BB70-6182FD5FE239}.Debug|x64.ActiveCfg = Debug|Any CPU
		{23E4CBB1-613E-4D2D-BB70-6182FD5FE239}.Debug|x64.Build.0 = Debug|Any CPU
		{23E4CBB1-613E-4D2D-BB70-6182FD5FE239}.Debug|x86.ActiveCfg = Debug|Any CPU
		{23E4CBB1-613E-4D2D-BB70-6182FD5FE239}.Debug|x86.Build.0 = Debug|Any CPU
		{23E4CBB1-613E-4D2D-BB70-6182FD5FE239}.Release|Any CPU.ActiveCfg = Release|Any CPU
		{23E4CBB1-613E-4D2D-BB70-6182FD5FE239}.Release|Any CPU.Build.0 = Release|Any CPU
		{23E4CBB1-613E-4D2D-BB70-6182FD5FE239}.Release|x64.ActiveCfg = Release|Any CPU
		{23E4CBB1-613E-4D2D-BB70-6182FD5FE239}.Release|x64.Build.0 = Release|Any CPU
		{23E4CBB1-613E-4D2D-BB70-6182FD5FE239}.Release|x86.ActiveCfg = Release|Any CPU
		{23E4CBB1-613E-4D2D-BB70-6182FD5FE239}.Release|x86.Build.0 = Release|Any CPU
		{32C71D2D-89DB-4A45-B5D2-E9DF03B3D69B}.Debug|Any CPU.ActiveCfg = Debug|Any CPU
		{32C71D2D-89DB-4A45-B5D2-E9DF03B3D69B}.Debug|Any CPU.Build.0 = Debug|Any CPU
		{32C71D2D-89DB-4A45-B5D2-E9DF03B3D69B}.Debug|x64.ActiveCfg = Debug|Any CPU
		{32C71D2D-89DB-4A45-B5D2-E9DF03B3D69B}.Debug|x64.Build.0 = Debug|Any CPU
		{32C71D2D-89DB-4A45-B5D2-E9DF03B3D69B}.Debug|x86.ActiveCfg = Debug|Any CPU
		{32C71D2D-89DB-4A45-B5D2-E9DF03B3D69B}.Debug|x86.Build.0 = Debug|Any CPU
		{32C71D2D-89DB-4A45-B5D2-E9DF03B3D69B}.Release|Any CPU.ActiveCfg = Release|Any CPU
		{32C71D2D-89DB-4A45-B5D2-E9DF03B3D69B}.Release|Any CPU.Build.0 = Release|Any CPU
		{32C71D2D-89DB-4A45-B5D2-E9DF03B3D69B}.Release|x64.ActiveCfg = Release|Any CPU
		{32C71D2D-89DB-4A45-B5D2-E9DF03B3D69B}.Release|x64.Build.0 = Release|Any CPU
		{32C71D2D-89DB-4A45-B5D2-E9DF03B3D69B}.Release|x86.ActiveCfg = Release|Any CPU
		{32C71D2D-89DB-4A45-B5D2-E9DF03B3D69B}.Release|x86.Build.0 = Release|Any CPU
		{5185AA0C-122C-48B3-B89F-283CD32DE570}.Debug|Any CPU.ActiveCfg = Debug|Any CPU
		{5185AA0C-122C-48B3-B89F-283CD32DE570}.Debug|Any CPU.Build.0 = Debug|Any CPU
		{5185AA0C-122C-48B3-B89F-283CD32DE570}.Debug|x64.ActiveCfg = Debug|Any CPU
		{5185AA0C-122C-48B3-B89F-283CD32DE570}.Debug|x64.Build.0 = Debug|Any CPU
		{5185AA0C-122C-48B3-B89F-283CD32DE570}.Debug|x86.ActiveCfg = Debug|Any CPU
		{5185AA0C-122C-48B3-B89F-283CD32DE570}.Debug|x86.Build.0 = Debug|Any CPU
		{5185AA0C-122C-48B3-B89F-283CD32DE570}.Release|Any CPU.ActiveCfg = Release|Any CPU
		{5185AA0C-122C-48B3-B89F-283CD32DE570}.Release|Any CPU.Build.0 = Release|Any CPU
		{5185AA0C-122C-48B3-B89F-283CD32DE570}.Release|x64.ActiveCfg = Release|Any CPU
		{5185AA0C-122C-48B3-B89F-283CD32DE570}.Release|x64.Build.0 = Release|Any CPU
		{5185AA0C-122C-48B3-B89F-283CD32DE570}.Release|x86.ActiveCfg = Release|Any CPU
		{5185AA0C-122C-48B3-B89F-283CD32DE570}.Release|x86.Build.0 = Release|Any CPU
		{0C7B5A6B-7F4A-45EF-8372-8DFCC2B747E9}.Debug|Any CPU.ActiveCfg = Debug|Any CPU
		{0C7B5A6B-7F4A-45EF-8372-8DFCC2B747E9}.Debug|Any CPU.Build.0 = Debug|Any CPU
		{0C7B5A6B-7F4A-45EF-8372-8DFCC2B747E9}.Debug|x64.ActiveCfg = Debug|Any CPU
		{0C7B5A6B-7F4A-45EF-8372-8DFCC2B747E9}.Debug|x64.Build.0 = Debug|Any CPU
		{0C7B5A6B-7F4A-45EF-8372-8DFCC2B747E9}.Debug|x86.ActiveCfg = Debug|Any CPU
		{0C7B5A6B-7F4A-45EF-8372-8DFCC2B747E9}.Debug|x86.Build.0 = Debug|Any CPU
		{0C7B5A6B-7F4A-45EF-8372-8DFCC2B747E9}.Release|Any CPU.ActiveCfg = Release|Any CPU
		{0C7B5A6B-7F4A-45EF-8372-8DFCC2B747E9}.Release|Any CPU.Build.0 = Release|Any CPU
		{0C7B5A6B-7F4A-45EF-8372-8DFCC2B747E9}.Release|x64.ActiveCfg = Release|Any CPU
		{0C7B5A6B-7F4A-45EF-8372-8DFCC2B747E9}.Release|x64.Build.0 = Release|Any CPU
		{0C7B5A6B-7F4A-45EF-8372-8DFCC2B747E9}.Release|x86.ActiveCfg = Release|Any CPU
		{0C7B5A6B-7F4A-45EF-8372-8DFCC2B747E9}.Release|x86.Build.0 = Release|Any CPU
		{74852DE5-5B4E-4671-B397-95A9A5965E14}.Debug|Any CPU.ActiveCfg = Debug|Any CPU
		{74852DE5-5B4E-4671-B397-95A9A5965E14}.Debug|Any CPU.Build.0 = Debug|Any CPU
		{74852DE5-5B4E-4671-B397-95A9A5965E14}.Debug|x64.ActiveCfg = Debug|Any CPU
		{74852DE5-5B4E-4671-B397-95A9A5965E14}.Debug|x64.Build.0 = Debug|Any CPU
		{74852DE5-5B4E-4671-B397-95A9A5965E14}.Debug|x86.ActiveCfg = Debug|Any CPU
		{74852DE5-5B4E-4671-B397-95A9A5965E14}.Debug|x86.Build.0 = Debug|Any CPU
		{74852DE5-5B4E-4671-B397-95A9A5965E14}.Release|Any CPU.ActiveCfg = Release|Any CPU
		{74852DE5-5B4E-4671-B397-95A9A5965E14}.Release|Any CPU.Build.0 = Release|Any CPU
		{74852DE5-5B4E-4671-B397-95A9A5965E14}.Release|x64.ActiveCfg = Release|Any CPU
		{74852DE5-5B4E-4671-B397-95A9A5965E14}.Release|x64.Build.0 = Release|Any CPU
		{74852DE5-5B4E-4671-B397-95A9A5965E14}.Release|x86.ActiveCfg = Release|Any CPU
		{74852DE5-5B4E-4671-B397-95A9A5965E14}.Release|x86.Build.0 = Release|Any CPU
	EndGlobalSection
	GlobalSection(SolutionProperties) = preSolution
		HideSolutionNode = FALSE
	EndGlobalSection
	GlobalSection(NestedProjects) = preSolution
		{A88FB68A-BF46-4EAE-A847-9160634D80A4} = {827E0CD3-B72D-47B6-A68D-7590B98EB39B}
		{F88F0524-4FF7-46AF-BE2B-52652049F4ED} = {827E0CD3-B72D-47B6-A68D-7590B98EB39B}
		{EF00BB68-30C6-48F0-BBA9-3BF21E2B2C9D} = {827E0CD3-B72D-47B6-A68D-7590B98EB39B}
		{23E4CBB1-613E-4D2D-BB70-6182FD5FE239} = {827E0CD3-B72D-47B6-A68D-7590B98EB39B}
		{32C71D2D-89DB-4A45-B5D2-E9DF03B3D69B} = {0AB3BF05-4346-4AA6-1389-037BE0695223}
		{5185AA0C-122C-48B3-B89F-283CD32DE570} = {0AB3BF05-4346-4AA6-1389-037BE0695223}
		{0C7B5A6B-7F4A-45EF-8372-8DFCC2B747E9} = {0AB3BF05-4346-4AA6-1389-037BE0695223}
		{74852DE5-5B4E-4671-B397-95A9A5965E14} = {0AB3BF05-4346-4AA6-1389-037BE0695223}
	EndGlobalSection
EndGlobal
